// !$*UTF8*$!
{
	archiveVersion = 1;
	classes = {
	};
	objectVersion = 48;
	objects = {

/* Begin PBXBuildFile section */
		250C8EFB5762E02F9E35D3AC /* Pods_QuickAidUITests.framework in Frameworks */ = {isa = PBXBuildFile; fileRef = 9F88BFA66E079CF13244051D /* Pods_QuickAidUITests.framework */; };
		38181D8E1FD3A469008AEB49 /* SignUpVC.swift in Sources */ = {isa = PBXBuildFile; fileRef = 38181D8D1FD3A468008AEB49 /* SignUpVC.swift */; };
		383816941FD9FEAE00FD070C /* SaveVC.swift in Sources */ = {isa = PBXBuildFile; fileRef = 383816931FD9FEAD00FD070C /* SaveVC.swift */; };
		3885378A1FCBCBE00055045C /* GoogleService-Info.plist in Resources */ = {isa = PBXBuildFile; fileRef = 388537891FCBCBE00055045C /* GoogleService-Info.plist */; };
		3894C0AE1FD5F87300EBC08B /* CoreLocation.framework in Frameworks */ = {isa = PBXBuildFile; fileRef = 3894C0AD1FD5F87300EBC08B /* CoreLocation.framework */; };
		38C261031FCB988900F113C6 /* AppDelegate.swift in Sources */ = {isa = PBXBuildFile; fileRef = 38C261021FCB988900F113C6 /* AppDelegate.swift */; };
		38C261051FCB988900F113C6 /* ViewController.swift in Sources */ = {isa = PBXBuildFile; fileRef = 38C261041FCB988900F113C6 /* ViewController.swift */; };
		38C261081FCB988900F113C6 /* Main.storyboard in Resources */ = {isa = PBXBuildFile; fileRef = 38C261061FCB988900F113C6 /* Main.storyboard */; };
		38C2610A1FCB988900F113C6 /* Assets.xcassets in Resources */ = {isa = PBXBuildFile; fileRef = 38C261091FCB988900F113C6 /* Assets.xcassets */; };
		38C2610D1FCB988900F113C6 /* LaunchScreen.storyboard in Resources */ = {isa = PBXBuildFile; fileRef = 38C2610B1FCB988900F113C6 /* LaunchScreen.storyboard */; };
		38C261181FCB988900F113C6 /* QuickAidTests.swift in Sources */ = {isa = PBXBuildFile; fileRef = 38C261171FCB988900F113C6 /* QuickAidTests.swift */; };
		38C261231FCB988900F113C6 /* QuickAidUITests.swift in Sources */ = {isa = PBXBuildFile; fileRef = 38C261221FCB988900F113C6 /* QuickAidUITests.swift */; };
		38C891381FD91EAA00425541 /* UserNotifications.framework in Frameworks */ = {isa = PBXBuildFile; fileRef = 38C891371FD91EAA00425541 /* UserNotifications.framework */; };
		38E767081FD55FA400BDB377 /* EmergencyButtonVC.swift in Sources */ = {isa = PBXBuildFile; fileRef = 38E767071FD55FA400BDB377 /* EmergencyButtonVC.swift */; };
		3A5B6BCF687EE8654548C355 /* Pods_QuickAid.framework in Frameworks */ = {isa = PBXBuildFile; fileRef = 0D2E94FF935312DC7106F125 /* Pods_QuickAid.framework */; };
		FE0B8B0BE89CAC02A364FA32 /* Pods_QuickAidTests.framework in Frameworks */ = {isa = PBXBuildFile; fileRef = 472F797F3E722CE55A939493 /* Pods_QuickAidTests.framework */; };
/* End PBXBuildFile section */

/* Begin PBXContainerItemProxy section */
		38C261141FCB988900F113C6 /* PBXContainerItemProxy */ = {
			isa = PBXContainerItemProxy;
			containerPortal = 38C260F71FCB988900F113C6 /* Project object */;
			proxyType = 1;
			remoteGlobalIDString = 38C260FE1FCB988900F113C6;
			remoteInfo = QuickAid;
		};
		38C2611F1FCB988900F113C6 /* PBXContainerItemProxy */ = {
			isa = PBXContainerItemProxy;
			containerPortal = 38C260F71FCB988900F113C6 /* Project object */;
			proxyType = 1;
			remoteGlobalIDString = 38C260FE1FCB988900F113C6;
			remoteInfo = QuickAid;
		};
/* End PBXContainerItemProxy section */

/* Begin PBXFileReference section */
		06FEADD98B35293412B3970C /* Pods-QuickAidTests.release.xcconfig */ = {isa = PBXFileReference; includeInIndex = 1; lastKnownFileType = text.xcconfig; name = "Pods-QuickAidTests.release.xcconfig"; path = "Pods/Target Support Files/Pods-QuickAidTests/Pods-QuickAidTests.release.xcconfig"; sourceTree = "<group>"; };
		0D2E94FF935312DC7106F125 /* Pods_QuickAid.framework */ = {isa = PBXFileReference; explicitFileType = wrapper.framework; includeInIndex = 0; path = Pods_QuickAid.framework; sourceTree = BUILT_PRODUCTS_DIR; };
		34A6EA2AC972C3CCA95F8865 /* Pods-QuickAidUITests.release.xcconfig */ = {isa = PBXFileReference; includeInIndex = 1; lastKnownFileType = text.xcconfig; name = "Pods-QuickAidUITests.release.xcconfig"; path = "Pods/Target Support Files/Pods-QuickAidUITests/Pods-QuickAidUITests.release.xcconfig"; sourceTree = "<group>"; };
		38181D8D1FD3A468008AEB49 /* SignUpVC.swift */ = {isa = PBXFileReference; lastKnownFileType = sourcecode.swift; name = SignUpVC.swift; path = QuickAid/SignUpVC.swift; sourceTree = SOURCE_ROOT; };
		383816921FD9342300FD070C /* Pods_QuickAidUITests.framework */ = {isa = PBXFileReference; explicitFileType = wrapper.framework; path = Pods_QuickAidUITests.framework; sourceTree = BUILT_PRODUCTS_DIR; };
		383816931FD9FEAD00FD070C /* SaveVC.swift */ = {isa = PBXFileReference; lastKnownFileType = sourcecode.swift; path = SaveVC.swift; sourceTree = "<group>"; };
		388537891FCBCBE00055045C /* GoogleService-Info.plist */ = {isa = PBXFileReference; fileEncoding = 4; lastKnownFileType = text.plist.xml; name = "GoogleService-Info.plist"; path = "../../../../Downloads/GoogleService-Info.plist"; sourceTree = "<group>"; };
		3894C0AD1FD5F87300EBC08B /* CoreLocation.framework */ = {isa = PBXFileReference; lastKnownFileType = wrapper.framework; name = CoreLocation.framework; path = System/Library/Frameworks/CoreLocation.framework; sourceTree = SDKROOT; };
		38C260FF1FCB988900F113C6 /* QuickAid.app */ = {isa = PBXFileReference; explicitFileType = wrapper.application; includeInIndex = 0; path = QuickAid.app; sourceTree = BUILT_PRODUCTS_DIR; };
		38C261021FCB988900F113C6 /* AppDelegate.swift */ = {isa = PBXFileReference; lastKnownFileType = sourcecode.swift; path = AppDelegate.swift; sourceTree = "<group>"; };
		38C261041FCB988900F113C6 /* ViewController.swift */ = {isa = PBXFileReference; lastKnownFileType = sourcecode.swift; path = ViewController.swift; sourceTree = "<group>"; };
		38C261071FCB988900F113C6 /* Base */ = {isa = PBXFileReference; lastKnownFileType = file.storyboard; name = Base; path = Base.lproj/Main.storyboard; sourceTree = "<group>"; };
		38C261091FCB988900F113C6 /* Assets.xcassets */ = {isa = PBXFileReference; lastKnownFileType = folder.assetcatalog; path = Assets.xcassets; sourceTree = "<group>"; };
		38C2610C1FCB988900F113C6 /* Base */ = {isa = PBXFileReference; lastKnownFileType = file.storyboard; name = Base; path = Base.lproj/LaunchScreen.storyboard; sourceTree = "<group>"; };
		38C2610E1FCB988900F113C6 /* Info.plist */ = {isa = PBXFileReference; lastKnownFileType = text.plist.xml; path = Info.plist; sourceTree = "<group>"; };
		38C261131FCB988900F113C6 /* QuickAidTests.xctest */ = {isa = PBXFileReference; explicitFileType = wrapper.cfbundle; includeInIndex = 0; path = QuickAidTests.xctest; sourceTree = BUILT_PRODUCTS_DIR; };
		38C261171FCB988900F113C6 /* QuickAidTests.swift */ = {isa = PBXFileReference; lastKnownFileType = sourcecode.swift; path = QuickAidTests.swift; sourceTree = "<group>"; };
		38C261191FCB988900F113C6 /* Info.plist */ = {isa = PBXFileReference; lastKnownFileType = text.plist.xml; path = Info.plist; sourceTree = "<group>"; };
		38C2611E1FCB988900F113C6 /* QuickAidUITests.xctest */ = {isa = PBXFileReference; explicitFileType = wrapper.cfbundle; includeInIndex = 0; path = QuickAidUITests.xctest; sourceTree = BUILT_PRODUCTS_DIR; };
		38C261221FCB988900F113C6 /* QuickAidUITests.swift */ = {isa = PBXFileReference; lastKnownFileType = sourcecode.swift; path = QuickAidUITests.swift; sourceTree = "<group>"; };
		38C261241FCB988A00F113C6 /* Info.plist */ = {isa = PBXFileReference; lastKnownFileType = text.plist.xml; path = Info.plist; sourceTree = "<group>"; };
		38C891371FD91EAA00425541 /* UserNotifications.framework */ = {isa = PBXFileReference; lastKnownFileType = wrapper.framework; name = UserNotifications.framework; path = System/Library/Frameworks/UserNotifications.framework; sourceTree = SDKROOT; };
		38E767071FD55FA400BDB377 /* EmergencyButtonVC.swift */ = {isa = PBXFileReference; lastKnownFileType = sourcecode.swift; path = EmergencyButtonVC.swift; sourceTree = "<group>"; };
		472F797F3E722CE55A939493 /* Pods_QuickAidTests.framework */ = {isa = PBXFileReference; explicitFileType = wrapper.framework; includeInIndex = 0; path = Pods_QuickAidTests.framework; sourceTree = BUILT_PRODUCTS_DIR; };
		54AB0CD8C095A214E02C32E5 /* Pods-QuickAidUITests.debug.xcconfig */ = {isa = PBXFileReference; includeInIndex = 1; lastKnownFileType = text.xcconfig; name = "Pods-QuickAidUITests.debug.xcconfig"; path = "Pods/Target Support Files/Pods-QuickAidUITests/Pods-QuickAidUITests.debug.xcconfig"; sourceTree = "<group>"; };
		83505C3398BC5E3009F2FF87 /* Pods-QuickAid.release.xcconfig */ = {isa = PBXFileReference; includeInIndex = 1; lastKnownFileType = text.xcconfig; name = "Pods-QuickAid.release.xcconfig"; path = "Pods/Target Support Files/Pods-QuickAid/Pods-QuickAid.release.xcconfig"; sourceTree = "<group>"; };
		9C47600F840C230A6FCFC9C7 /* Pods-QuickAid.debug.xcconfig */ = {isa = PBXFileReference; includeInIndex = 1; lastKnownFileType = text.xcconfig; name = "Pods-QuickAid.debug.xcconfig"; path = "Pods/Target Support Files/Pods-QuickAid/Pods-QuickAid.debug.xcconfig"; sourceTree = "<group>"; };
		9F88BFA66E079CF13244051D /* Pods_QuickAidUITests.framework */ = {isa = PBXFileReference; explicitFileType = wrapper.framework; includeInIndex = 0; path = Pods_QuickAidUITests.framework; sourceTree = BUILT_PRODUCTS_DIR; };
		C72018E1DD7EA676BF8BA3DA /* Pods-QuickAidTests.debug.xcconfig */ = {isa = PBXFileReference; includeInIndex = 1; lastKnownFileType = text.xcconfig; name = "Pods-QuickAidTests.debug.xcconfig"; path = "Pods/Target Support Files/Pods-QuickAidTests/Pods-QuickAidTests.debug.xcconfig"; sourceTree = "<group>"; };
/* End PBXFileReference section */

/* Begin PBXFrameworksBuildPhase section */
		38C260FC1FCB988900F113C6 /* Frameworks */ = {
			isa = PBXFrameworksBuildPhase;
			buildActionMask = 2147483647;
			files = (
				38C891381FD91EAA00425541 /* UserNotifications.framework in Frameworks */,
				3894C0AE1FD5F87300EBC08B /* CoreLocation.framework in Frameworks */,
				3A5B6BCF687EE8654548C355 /* Pods_QuickAid.framework in Frameworks */,
			);
			runOnlyForDeploymentPostprocessing = 0;
		};
		38C261101FCB988900F113C6 /* Frameworks */ = {
			isa = PBXFrameworksBuildPhase;
			buildActionMask = 2147483647;
			files = (
				FE0B8B0BE89CAC02A364FA32 /* Pods_QuickAidTests.framework in Frameworks */,
			);
			runOnlyForDeploymentPostprocessing = 0;
		};
		38C2611B1FCB988900F113C6 /* Frameworks */ = {
			isa = PBXFrameworksBuildPhase;
			buildActionMask = 2147483647;
			files = (
				250C8EFB5762E02F9E35D3AC /* Pods_QuickAidUITests.framework in Frameworks */,
			);
			runOnlyForDeploymentPostprocessing = 0;
		};
/* End PBXFrameworksBuildPhase section */

/* Begin PBXGroup section */
		38C260F61FCB988900F113C6 = {
			isa = PBXGroup;
			children = (
				38C261011FCB988900F113C6 /* QuickAid */,
				38C261161FCB988900F113C6 /* QuickAidTests */,
				38C261211FCB988900F113C6 /* QuickAidUITests */,
				38C261001FCB988900F113C6 /* Products */,
				4F61B9390E322C92B867DB32 /* Pods */,
				8E10902FCF0943ACEBA4964F /* Frameworks */,
			);
			sourceTree = "<group>";
		};
		38C261001FCB988900F113C6 /* Products */ = {
			isa = PBXGroup;
			children = (
				38C260FF1FCB988900F113C6 /* QuickAid.app */,
				38C261131FCB988900F113C6 /* QuickAidTests.xctest */,
				38C2611E1FCB988900F113C6 /* QuickAidUITests.xctest */,
			);
			name = Products;
			sourceTree = "<group>";
		};
		38C261011FCB988900F113C6 /* QuickAid */ = {
			isa = PBXGroup;
			children = (
				38C261021FCB988900F113C6 /* AppDelegate.swift */,
				38C261061FCB988900F113C6 /* Main.storyboard */,
				38C261041FCB988900F113C6 /* ViewController.swift */,
				38E767071FD55FA400BDB377 /* EmergencyButtonVC.swift */,
				38181D8D1FD3A468008AEB49 /* SignUpVC.swift */,
				383816931FD9FEAD00FD070C /* SaveVC.swift */,
				38C261091FCB988900F113C6 /* Assets.xcassets */,
				38C2610B1FCB988900F113C6 /* LaunchScreen.storyboard */,
				38C2610E1FCB988900F113C6 /* Info.plist */,
				388537891FCBCBE00055045C /* GoogleService-Info.plist */,
			);
			path = QuickAid;
			sourceTree = "<group>";
		};
		38C261161FCB988900F113C6 /* QuickAidTests */ = {
			isa = PBXGroup;
			children = (
				38C261171FCB988900F113C6 /* QuickAidTests.swift */,
				38C261191FCB988900F113C6 /* Info.plist */,
			);
			path = QuickAidTests;
			sourceTree = "<group>";
		};
		38C261211FCB988900F113C6 /* QuickAidUITests */ = {
			isa = PBXGroup;
			children = (
				38C261221FCB988900F113C6 /* QuickAidUITests.swift */,
				38C261241FCB988A00F113C6 /* Info.plist */,
			);
			path = QuickAidUITests;
			sourceTree = "<group>";
		};
		4F61B9390E322C92B867DB32 /* Pods */ = {
			isa = PBXGroup;
			children = (
				9C47600F840C230A6FCFC9C7 /* Pods-QuickAid.debug.xcconfig */,
				83505C3398BC5E3009F2FF87 /* Pods-QuickAid.release.xcconfig */,
				C72018E1DD7EA676BF8BA3DA /* Pods-QuickAidTests.debug.xcconfig */,
				06FEADD98B35293412B3970C /* Pods-QuickAidTests.release.xcconfig */,
				54AB0CD8C095A214E02C32E5 /* Pods-QuickAidUITests.debug.xcconfig */,
				34A6EA2AC972C3CCA95F8865 /* Pods-QuickAidUITests.release.xcconfig */,
			);
			name = Pods;
			sourceTree = "<group>";
		};
		8E10902FCF0943ACEBA4964F /* Frameworks */ = {
			isa = PBXGroup;
			children = (
				383816921FD9342300FD070C /* Pods_QuickAidUITests.framework */,
				38C891371FD91EAA00425541 /* UserNotifications.framework */,
				3894C0AD1FD5F87300EBC08B /* CoreLocation.framework */,
				0D2E94FF935312DC7106F125 /* Pods_QuickAid.framework */,
				472F797F3E722CE55A939493 /* Pods_QuickAidTests.framework */,
				9F88BFA66E079CF13244051D /* Pods_QuickAidUITests.framework */,
			);
			name = Frameworks;
			sourceTree = "<group>";
		};
/* End PBXGroup section */

/* Begin PBXNativeTarget section */
		38C260FE1FCB988900F113C6 /* QuickAid */ = {
			isa = PBXNativeTarget;
			buildConfigurationList = 38C261271FCB988A00F113C6 /* Build configuration list for PBXNativeTarget "QuickAid" */;
			buildPhases = (
				FF264FD325F14DB808051005 /* [CP] Check Pods Manifest.lock */,
				38C260FB1FCB988900F113C6 /* Sources */,
				38C260FC1FCB988900F113C6 /* Frameworks */,
				38C260FD1FCB988900F113C6 /* Resources */,
				DA9A355E53C21CFEB6451976 /* [CP] Embed Pods Frameworks */,
				1610BB5FF4FAAF505C139FDC /* [CP] Copy Pods Resources */,
			);
			buildRules = (
			);
			dependencies = (
			);
			name = QuickAid;
			productName = QuickAid;
			productReference = 38C260FF1FCB988900F113C6 /* QuickAid.app */;
			productType = "com.apple.product-type.application";
		};
		38C261121FCB988900F113C6 /* QuickAidTests */ = {
			isa = PBXNativeTarget;
			buildConfigurationList = 38C2612A1FCB988A00F113C6 /* Build configuration list for PBXNativeTarget "QuickAidTests" */;
			buildPhases = (
				4A8641554B5E2B11248DE7AE /* [CP] Check Pods Manifest.lock */,
				38C2610F1FCB988900F113C6 /* Sources */,
				38C261101FCB988900F113C6 /* Frameworks */,
				38C261111FCB988900F113C6 /* Resources */,
				BF609D4ACA2F597C69791960 /* [CP] Embed Pods Frameworks */,
				69C33201541E9BDF9E855FE7 /* [CP] Copy Pods Resources */,
			);
			buildRules = (
			);
			dependencies = (
				38C261151FCB988900F113C6 /* PBXTargetDependency */,
			);
			name = QuickAidTests;
			productName = QuickAidTests;
			productReference = 38C261131FCB988900F113C6 /* QuickAidTests.xctest */;
			productType = "com.apple.product-type.bundle.unit-test";
		};
		38C2611D1FCB988900F113C6 /* QuickAidUITests */ = {
			isa = PBXNativeTarget;
			buildConfigurationList = 38C2612D1FCB988A00F113C6 /* Build configuration list for PBXNativeTarget "QuickAidUITests" */;
			buildPhases = (
				47CDB0CF52CFCD9E5FA3D46F /* [CP] Check Pods Manifest.lock */,
				38C2611A1FCB988900F113C6 /* Sources */,
				38C2611B1FCB988900F113C6 /* Frameworks */,
				38C2611C1FCB988900F113C6 /* Resources */,
				D2ADE62195257881EC432B07 /* [CP] Embed Pods Frameworks */,
				420EC79291611BE14534BF9E /* [CP] Copy Pods Resources */,
			);
			buildRules = (
			);
			dependencies = (
				38C261201FCB988900F113C6 /* PBXTargetDependency */,
			);
			name = QuickAidUITests;
			productName = QuickAidUITests;
			productReference = 38C2611E1FCB988900F113C6 /* QuickAidUITests.xctest */;
			productType = "com.apple.product-type.bundle.ui-testing";
		};
/* End PBXNativeTarget section */

/* Begin PBXProject section */
		38C260F71FCB988900F113C6 /* Project object */ = {
			isa = PBXProject;
			attributes = {
				LastSwiftUpdateCheck = 0910;
				LastUpgradeCheck = 0910;
				ORGANIZATIONNAME = "Aaron Lopes";
				TargetAttributes = {
					38C260FE1FCB988900F113C6 = {
						CreatedOnToolsVersion = 9.1;
						ProvisioningStyle = Automatic;
						SystemCapabilities = {
							com.apple.BackgroundModes = {
								enabled = 1;
							};
						};
					};
					38C261121FCB988900F113C6 = {
						CreatedOnToolsVersion = 9.1;
						ProvisioningStyle = Automatic;
						TestTargetID = 38C260FE1FCB988900F113C6;
					};
					38C2611D1FCB988900F113C6 = {
						CreatedOnToolsVersion = 9.1;
						ProvisioningStyle = Automatic;
						TestTargetID = 38C260FE1FCB988900F113C6;
					};
				};
			};
			buildConfigurationList = 38C260FA1FCB988900F113C6 /* Build configuration list for PBXProject "QuickAid" */;
			compatibilityVersion = "Xcode 8.0";
			developmentRegion = en;
			hasScannedForEncodings = 0;
			knownRegions = (
				en,
				Base,
			);
			mainGroup = 38C260F61FCB988900F113C6;
			productRefGroup = 38C261001FCB988900F113C6 /* Products */;
			projectDirPath = "";
			projectRoot = "";
			targets = (
				38C260FE1FCB988900F113C6 /* QuickAid */,
				38C261121FCB988900F113C6 /* QuickAidTests */,
				38C2611D1FCB988900F113C6 /* QuickAidUITests */,
			);
		};
/* End PBXProject section */

/* Begin PBXResourcesBuildPhase section */
		38C260FD1FCB988900F113C6 /* Resources */ = {
			isa = PBXResourcesBuildPhase;
			buildActionMask = 2147483647;
			files = (
				38C2610D1FCB988900F113C6 /* LaunchScreen.storyboard in Resources */,
				3885378A1FCBCBE00055045C /* GoogleService-Info.plist in Resources */,
				38C2610A1FCB988900F113C6 /* Assets.xcassets in Resources */,
				38C261081FCB988900F113C6 /* Main.storyboard in Resources */,
			);
			runOnlyForDeploymentPostprocessing = 0;
		};
		38C261111FCB988900F113C6 /* Resources */ = {
			isa = PBXResourcesBuildPhase;
			buildActionMask = 2147483647;
			files = (
			);
			runOnlyForDeploymentPostprocessing = 0;
		};
		38C2611C1FCB988900F113C6 /* Resources */ = {
			isa = PBXResourcesBuildPhase;
			buildActionMask = 2147483647;
			files = (
			);
			runOnlyForDeploymentPostprocessing = 0;
		};
/* End PBXResourcesBuildPhase section */

/* Begin PBXShellScriptBuildPhase section */
		1610BB5FF4FAAF505C139FDC /* [CP] Copy Pods Resources */ = {
			isa = PBXShellScriptBuildPhase;
			buildActionMask = 2147483647;
			files = (
			);
			inputPaths = (
			);
			name = "[CP] Copy Pods Resources";
			outputPaths = (
			);
			runOnlyForDeploymentPostprocessing = 0;
			shellPath = /bin/sh;
			shellScript = "\"${SRCROOT}/Pods/Target Support Files/Pods-QuickAid/Pods-QuickAid-resources.sh\"\n";
			showEnvVarsInLog = 0;
		};
		420EC79291611BE14534BF9E /* [CP] Copy Pods Resources */ = {
			isa = PBXShellScriptBuildPhase;
			buildActionMask = 2147483647;
			files = (
			);
			inputPaths = (
			);
			name = "[CP] Copy Pods Resources";
			outputPaths = (
			);
			runOnlyForDeploymentPostprocessing = 0;
			shellPath = /bin/sh;
			shellScript = "\"${SRCROOT}/Pods/Target Support Files/Pods-QuickAidUITests/Pods-QuickAidUITests-resources.sh\"\n";
			showEnvVarsInLog = 0;
		};
		47CDB0CF52CFCD9E5FA3D46F /* [CP] Check Pods Manifest.lock */ = {
			isa = PBXShellScriptBuildPhase;
			buildActionMask = 2147483647;
			files = (
			);
			inputPaths = (
				"${PODS_PODFILE_DIR_PATH}/Podfile.lock",
				"${PODS_ROOT}/Manifest.lock",
			);
			name = "[CP] Check Pods Manifest.lock";
			outputPaths = (
				"$(DERIVED_FILE_DIR)/Pods-QuickAidUITests-checkManifestLockResult.txt",
			);
			runOnlyForDeploymentPostprocessing = 0;
			shellPath = /bin/sh;
			shellScript = "diff \"${PODS_PODFILE_DIR_PATH}/Podfile.lock\" \"${PODS_ROOT}/Manifest.lock\" > /dev/null\nif [ $? != 0 ] ; then\n    # print error to STDERR\n    echo \"error: The sandbox is not in sync with the Podfile.lock. Run 'pod install' or update your CocoaPods installation.\" >&2\n    exit 1\nfi\n# This output is used by Xcode 'outputs' to avoid re-running this script phase.\necho \"SUCCESS\" > \"${SCRIPT_OUTPUT_FILE_0}\"\n";
			showEnvVarsInLog = 0;
		};
		4A8641554B5E2B11248DE7AE /* [CP] Check Pods Manifest.lock */ = {
			isa = PBXShellScriptBuildPhase;
			buildActionMask = 2147483647;
			files = (
			);
			inputPaths = (
				"${PODS_PODFILE_DIR_PATH}/Podfile.lock",
				"${PODS_ROOT}/Manifest.lock",
			);
			name = "[CP] Check Pods Manifest.lock";
			outputPaths = (
				"$(DERIVED_FILE_DIR)/Pods-QuickAidTests-checkManifestLockResult.txt",
			);
			runOnlyForDeploymentPostprocessing = 0;
			shellPath = /bin/sh;
			shellScript = "diff \"${PODS_PODFILE_DIR_PATH}/Podfile.lock\" \"${PODS_ROOT}/Manifest.lock\" > /dev/null\nif [ $? != 0 ] ; then\n    # print error to STDERR\n    echo \"error: The sandbox is not in sync with the Podfile.lock. Run 'pod install' or update your CocoaPods installation.\" >&2\n    exit 1\nfi\n# This output is used by Xcode 'outputs' to avoid re-running this script phase.\necho \"SUCCESS\" > \"${SCRIPT_OUTPUT_FILE_0}\"\n";
			showEnvVarsInLog = 0;
		};
		69C33201541E9BDF9E855FE7 /* [CP] Copy Pods Resources */ = {
			isa = PBXShellScriptBuildPhase;
			buildActionMask = 2147483647;
			files = (
			);
			inputPaths = (
			);
			name = "[CP] Copy Pods Resources";
			outputPaths = (
			);
			runOnlyForDeploymentPostprocessing = 0;
			shellPath = /bin/sh;
			shellScript = "\"${SRCROOT}/Pods/Target Support Files/Pods-QuickAidTests/Pods-QuickAidTests-resources.sh\"\n";
			showEnvVarsInLog = 0;
		};
		BF609D4ACA2F597C69791960 /* [CP] Embed Pods Frameworks */ = {
			isa = PBXShellScriptBuildPhase;
			buildActionMask = 2147483647;
			files = (
			);
			inputPaths = (
			);
			name = "[CP] Embed Pods Frameworks";
			outputPaths = (
			);
			runOnlyForDeploymentPostprocessing = 0;
			shellPath = /bin/sh;
			shellScript = "\"${SRCROOT}/Pods/Target Support Files/Pods-QuickAidTests/Pods-QuickAidTests-frameworks.sh\"\n";
			showEnvVarsInLog = 0;
		};
		D2ADE62195257881EC432B07 /* [CP] Embed Pods Frameworks */ = {
			isa = PBXShellScriptBuildPhase;
			buildActionMask = 2147483647;
			files = (
			);
			inputPaths = (
			);
			name = "[CP] Embed Pods Frameworks";
			outputPaths = (
			);
			runOnlyForDeploymentPostprocessing = 0;
			shellPath = /bin/sh;
			shellScript = "\"${SRCROOT}/Pods/Target Support Files/Pods-QuickAidUITests/Pods-QuickAidUITests-frameworks.sh\"\n";
			showEnvVarsInLog = 0;
		};
		DA9A355E53C21CFEB6451976 /* [CP] Embed Pods Frameworks */ = {
			isa = PBXShellScriptBuildPhase;
			buildActionMask = 2147483647;
			files = (
			);
			inputPaths = (
				"${SRCROOT}/Pods/Target Support Files/Pods-QuickAid/Pods-QuickAid-frameworks.sh",
				"${BUILT_PRODUCTS_DIR}/GTMSessionFetcher/GTMSessionFetcher.framework",
				"${BUILT_PRODUCTS_DIR}/GoogleToolboxForMac/GoogleToolboxForMac.framework",
				"${BUILT_PRODUCTS_DIR}/nanopb/nanopb.framework",
			);
			name = "[CP] Embed Pods Frameworks";
			outputPaths = (
				"${TARGET_BUILD_DIR}/${FRAMEWORKS_FOLDER_PATH}/GTMSessionFetcher.framework",
				"${TARGET_BUILD_DIR}/${FRAMEWORKS_FOLDER_PATH}/GoogleToolboxForMac.framework",
				"${TARGET_BUILD_DIR}/${FRAMEWORKS_FOLDER_PATH}/nanopb.framework",
			);
			runOnlyForDeploymentPostprocessing = 0;
			shellPath = /bin/sh;
			shellScript = "\"${SRCROOT}/Pods/Target Support Files/Pods-QuickAid/Pods-QuickAid-frameworks.sh\"\n";
			showEnvVarsInLog = 0;
		};
		FF264FD325F14DB808051005 /* [CP] Check Pods Manifest.lock */ = {
			isa = PBXShellScriptBuildPhase;
			buildActionMask = 2147483647;
			files = (
			);
			inputPaths = (
				"${PODS_PODFILE_DIR_PATH}/Podfile.lock",
				"${PODS_ROOT}/Manifest.lock",
			);
			name = "[CP] Check Pods Manifest.lock";
			outputPaths = (
				"$(DERIVED_FILE_DIR)/Pods-QuickAid-checkManifestLockResult.txt",
			);
			runOnlyForDeploymentPostprocessing = 0;
			shellPath = /bin/sh;
			shellScript = "diff \"${PODS_PODFILE_DIR_PATH}/Podfile.lock\" \"${PODS_ROOT}/Manifest.lock\" > /dev/null\nif [ $? != 0 ] ; then\n    # print error to STDERR\n    echo \"error: The sandbox is not in sync with the Podfile.lock. Run 'pod install' or update your CocoaPods installation.\" >&2\n    exit 1\nfi\n# This output is used by Xcode 'outputs' to avoid re-running this script phase.\necho \"SUCCESS\" > \"${SCRIPT_OUTPUT_FILE_0}\"\n";
			showEnvVarsInLog = 0;
		};
/* End PBXShellScriptBuildPhase section */

/* Begin PBXSourcesBuildPhase section */
		38C260FB1FCB988900F113C6 /* Sources */ = {
			isa = PBXSourcesBuildPhase;
			buildActionMask = 2147483647;
			files = (
				38181D8E1FD3A469008AEB49 /* SignUpVC.swift in Sources */,
				383816941FD9FEAE00FD070C /* SaveVC.swift in Sources */,
				38C261051FCB988900F113C6 /* ViewController.swift in Sources */,
				38E767081FD55FA400BDB377 /* EmergencyButtonVC.swift in Sources */,
				38C261031FCB988900F113C6 /* AppDelegate.swift in Sources */,
			);
			runOnlyForDeploymentPostprocessing = 0;
		};
		38C2610F1FCB988900F113C6 /* Sources */ = {
			isa = PBXSourcesBuildPhase;
			buildActionMask = 2147483647;
			files = (
				38C261181FCB988900F113C6 /* QuickAidTests.swift in Sources */,
			);
			runOnlyForDeploymentPostprocessing = 0;
		};
		38C2611A1FCB988900F113C6 /* Sources */ = {
			isa = PBXSourcesBuildPhase;
			buildActionMask = 2147483647;
			files = (
				38C261231FCB988900F113C6 /* QuickAidUITests.swift in Sources */,
			);
			runOnlyForDeploymentPostprocessing = 0;
		};
/* End PBXSourcesBuildPhase section */

/* Begin PBXTargetDependency section */
		38C261151FCB988900F113C6 /* PBXTargetDependency */ = {
			isa = PBXTargetDependency;
			target = 38C260FE1FCB988900F113C6 /* QuickAid */;
			targetProxy = 38C261141FCB988900F113C6 /* PBXContainerItemProxy */;
		};
		38C261201FCB988900F113C6 /* PBXTargetDependency */ = {
			isa = PBXTargetDependency;
			target = 38C260FE1FCB988900F113C6 /* QuickAid */;
			targetProxy = 38C2611F1FCB988900F113C6 /* PBXContainerItemProxy */;
		};
/* End PBXTargetDependency section */

/* Begin PBXVariantGroup section */
		38C261061FCB988900F113C6 /* Main.storyboard */ = {
			isa = PBXVariantGroup;
			children = (
				38C261071FCB988900F113C6 /* Base */,
			);
			name = Main.storyboard;
			sourceTree = "<group>";
		};
		38C2610B1FCB988900F113C6 /* LaunchScreen.storyboard */ = {
			isa = PBXVariantGroup;
			children = (
				38C2610C1FCB988900F113C6 /* Base */,
			);
			name = LaunchScreen.storyboard;
			sourceTree = "<group>";
		};
/* End PBXVariantGroup section */

/* Begin XCBuildConfiguration section */
		38C261251FCB988A00F113C6 /* Debug */ = {
			isa = XCBuildConfiguration;
			buildSettings = {
				ALWAYS_SEARCH_USER_PATHS = NO;
				CLANG_ANALYZER_NONNULL = YES;
				CLANG_ANALYZER_NUMBER_OBJECT_CONVERSION = YES_AGGRESSIVE;
				CLANG_CXX_LANGUAGE_STANDARD = "gnu++14";
				CLANG_CXX_LIBRARY = "libc++";
				CLANG_ENABLE_MODULES = YES;
				CLANG_ENABLE_OBJC_ARC = YES;
				CLANG_WARN_BLOCK_CAPTURE_AUTORELEASING = YES;
				CLANG_WARN_BOOL_CONVERSION = YES;
				CLANG_WARN_COMMA = YES;
				CLANG_WARN_CONSTANT_CONVERSION = YES;
				CLANG_WARN_DIRECT_OBJC_ISA_USAGE = YES_ERROR;
				CLANG_WARN_DOCUMENTATION_COMMENTS = YES;
				CLANG_WARN_EMPTY_BODY = YES;
				CLANG_WARN_ENUM_CONVERSION = YES;
				CLANG_WARN_INFINITE_RECURSION = YES;
				CLANG_WARN_INT_CONVERSION = YES;
				CLANG_WARN_NON_LITERAL_NULL_CONVERSION = YES;
				CLANG_WARN_OBJC_LITERAL_CONVERSION = YES;
				CLANG_WARN_OBJC_ROOT_CLASS = YES_ERROR;
				CLANG_WARN_RANGE_LOOP_ANALYSIS = YES;
				CLANG_WARN_STRICT_PROTOTYPES = YES;
				CLANG_WARN_SUSPICIOUS_MOVE = YES;
				CLANG_WARN_UNGUARDED_AVAILABILITY = YES_AGGRESSIVE;
				CLANG_WARN_UNREACHABLE_CODE = YES;
				CLANG_WARN__DUPLICATE_METHOD_MATCH = YES;
				CODE_SIGN_IDENTITY = "iPhone Developer";
				COPY_PHASE_STRIP = NO;
				DEBUG_INFORMATION_FORMAT = dwarf;
				ENABLE_STRICT_OBJC_MSGSEND = YES;
				ENABLE_TESTABILITY = YES;
				GCC_C_LANGUAGE_STANDARD = gnu11;
				GCC_DYNAMIC_NO_PIC = NO;
				GCC_NO_COMMON_BLOCKS = YES;
				GCC_OPTIMIZATION_LEVEL = 0;
				GCC_PREPROCESSOR_DEFINITIONS = (
					"DEBUG=1",
					"$(inherited)",
				);
				GCC_WARN_64_TO_32_BIT_CONVERSION = YES;
				GCC_WARN_ABOUT_RETURN_TYPE = YES_ERROR;
				GCC_WARN_UNDECLARED_SELECTOR = YES;
				GCC_WARN_UNINITIALIZED_AUTOS = YES_AGGRESSIVE;
				GCC_WARN_UNUSED_FUNCTION = YES;
				GCC_WARN_UNUSED_VARIABLE = YES;
				IPHONEOS_DEPLOYMENT_TARGET = 11.1;
				MTL_ENABLE_DEBUG_INFO = YES;
				ONLY_ACTIVE_ARCH = YES;
				SDKROOT = iphoneos;
				SWIFT_ACTIVE_COMPILATION_CONDITIONS = DEBUG;
				SWIFT_OPTIMIZATION_LEVEL = "-Onone";
			};
			name = Debug;
		};
		38C261261FCB988A00F113C6 /* Release */ = {
			isa = XCBuildConfiguration;
			buildSettings = {
				ALWAYS_SEARCH_USER_PATHS = NO;
				CLANG_ANALYZER_NONNULL = YES;
				CLANG_ANALYZER_NUMBER_OBJECT_CONVERSION = YES_AGGRESSIVE;
				CLANG_CXX_LANGUAGE_STANDARD = "gnu++14";
				CLANG_CXX_LIBRARY = "libc++";
				CLANG_ENABLE_MODULES = YES;
				CLANG_ENABLE_OBJC_ARC = YES;
				CLANG_WARN_BLOCK_CAPTURE_AUTORELEASING = YES;
				CLANG_WARN_BOOL_CONVERSION = YES;
				CLANG_WARN_COMMA = YES;
				CLANG_WARN_CONSTANT_CONVERSION = YES;
				CLANG_WARN_DIRECT_OBJC_ISA_USAGE = YES_ERROR;
				CLANG_WARN_DOCUMENTATION_COMMENTS = YES;
				CLANG_WARN_EMPTY_BODY = YES;
				CLANG_WARN_ENUM_CONVERSION = YES;
				CLANG_WARN_INFINITE_RECURSION = YES;
				CLANG_WARN_INT_CONVERSION = YES;
				CLANG_WARN_NON_LITERAL_NULL_CONVERSION = YES;
				CLANG_WARN_OBJC_LITERAL_CONVERSION = YES;
				CLANG_WARN_OBJC_ROOT_CLASS = YES_ERROR;
				CLANG_WARN_RANGE_LOOP_ANALYSIS = YES;
				CLANG_WARN_STRICT_PROTOTYPES = YES;
				CLANG_WARN_SUSPICIOUS_MOVE = YES;
				CLANG_WARN_UNGUARDED_AVAILABILITY = YES_AGGRESSIVE;
				CLANG_WARN_UNREACHABLE_CODE = YES;
				CLANG_WARN__DUPLICATE_METHOD_MATCH = YES;
				CODE_SIGN_IDENTITY = "iPhone Developer";
				COPY_PHASE_STRIP = NO;
				DEBUG_INFORMATION_FORMAT = "dwarf-with-dsym";
				ENABLE_NS_ASSERTIONS = NO;
				ENABLE_STRICT_OBJC_MSGSEND = YES;
				GCC_C_LANGUAGE_STANDARD = gnu11;
				GCC_NO_COMMON_BLOCKS = YES;
				GCC_WARN_64_TO_32_BIT_CONVERSION = YES;
				GCC_WARN_ABOUT_RETURN_TYPE = YES_ERROR;
				GCC_WARN_UNDECLARED_SELECTOR = YES;
				GCC_WARN_UNINITIALIZED_AUTOS = YES_AGGRESSIVE;
				GCC_WARN_UNUSED_FUNCTION = YES;
				GCC_WARN_UNUSED_VARIABLE = YES;
				IPHONEOS_DEPLOYMENT_TARGET = 11.1;
				MTL_ENABLE_DEBUG_INFO = NO;
				SDKROOT = iphoneos;
				SWIFT_OPTIMIZATION_LEVEL = "-Owholemodule";
				VALIDATE_PRODUCT = YES;
			};
			name = Release;
		};
		38C261281FCB988A00F113C6 /* Debug */ = {
			isa = XCBuildConfiguration;
			baseConfigurationReference = 9C47600F840C230A6FCFC9C7 /* Pods-QuickAid.debug.xcconfig */;
			buildSettings = {
				ASSETCATALOG_COMPILER_APPICON_NAME = AppIcon;
				CODE_SIGN_STYLE = Automatic;
				DEVELOPMENT_TEAM = F65494T3TB;
				INFOPLIST_FILE = QuickAid/Info.plist;
				LD_RUNPATH_SEARCH_PATHS = "$(inherited) @executable_path/Frameworks";
				PRODUCT_BUNDLE_IDENTIFIER = com.alopes.QuickAid;
				PRODUCT_NAME = "$(TARGET_NAME)";
				SWIFT_VERSION = 4.0;
				TARGETED_DEVICE_FAMILY = "1,2";
			};
			name = Debug;
		};
		38C261291FCB988A00F113C6 /* Release */ = {
			isa = XCBuildConfiguration;
			baseConfigurationReference = 83505C3398BC5E3009F2FF87 /* Pods-QuickAid.release.xcconfig */;
			buildSettings = {
				ASSETCATALOG_COMPILER_APPICON_NAME = AppIcon;
				CODE_SIGN_STYLE = Automatic;
				DEVELOPMENT_TEAM = F65494T3TB;
				INFOPLIST_FILE = QuickAid/Info.plist;
				LD_RUNPATH_SEARCH_PATHS = "$(inherited) @executable_path/Frameworks";
				PRODUCT_BUNDLE_IDENTIFIER = com.alopes.QuickAid;
				PRODUCT_NAME = "$(TARGET_NAME)";
				SWIFT_VERSION = 4.0;
				TARGETED_DEVICE_FAMILY = "1,2";
			};
			name = Release;
		};
		38C2612B1FCB988A00F113C6 /* Debug */ = {
			isa = XCBuildConfiguration;
			baseConfigurationReference = C72018E1DD7EA676BF8BA3DA /* Pods-QuickAidTests.debug.xcconfig */;
			buildSettings = {
				ALWAYS_EMBED_SWIFT_STANDARD_LIBRARIES = YES;
				BUNDLE_LOADER = "$(TEST_HOST)";
				CODE_SIGN_STYLE = Automatic;
				DEVELOPMENT_TEAM = F65494T3TB;
				INFOPLIST_FILE = QuickAidTests/Info.plist;
				LD_RUNPATH_SEARCH_PATHS = "$(inherited) @executable_path/Frameworks @loader_path/Frameworks";
				PRODUCT_BUNDLE_IDENTIFIER = com.alopes.QuickAidTests;
				PRODUCT_NAME = "$(TARGET_NAME)";
				SWIFT_VERSION = 4.0;
				TARGETED_DEVICE_FAMILY = "1,2";
				TEST_HOST = "$(BUILT_PRODUCTS_DIR)/QuickAid.app/QuickAid";
			};
			name = Debug;
		};
		38C2612C1FCB988A00F113C6 /* Release */ = {
			isa = XCBuildConfiguration;
			baseConfigurationReference = 06FEADD98B35293412B3970C /* Pods-QuickAidTests.release.xcconfig */;
			buildSettings = {
				ALWAYS_EMBED_SWIFT_STANDARD_LIBRARIES = YES;
				BUNDLE_LOADER = "$(TEST_HOST)";
				CODE_SIGN_STYLE = Automatic;
				DEVELOPMENT_TEAM = F65494T3TB;
				INFOPLIST_FILE = QuickAidTests/Info.plist;
				LD_RUNPATH_SEARCH_PATHS = "$(inherited) @executable_path/Frameworks @loader_path/Frameworks";
				PRODUCT_BUNDLE_IDENTIFIER = com.alopes.QuickAidTests;
				PRODUCT_NAME = "$(TARGET_NAME)";
				SWIFT_VERSION = 4.0;
				TARGETED_DEVICE_FAMILY = "1,2";
				TEST_HOST = "$(BUILT_PRODUCTS_DIR)/QuickAid.app/QuickAid";
			};
			name = Release;
		};
		38C2612E1FCB988A00F113C6 /* Debug */ = {
			isa = XCBuildConfiguration;
			baseConfigurationReference = 54AB0CD8C095A214E02C32E5 /* Pods-QuickAidUITests.debug.xcconfig */;
			buildSettings = {
				ALWAYS_EMBED_SWIFT_STANDARD_LIBRARIES = YES;
				CODE_SIGN_STYLE = Automatic;
				DEVELOPMENT_TEAM = F65494T3TB;
				INFOPLIST_FILE = QuickAidUITests/Info.plist;
				LD_RUNPATH_SEARCH_PATHS = "$(inherited) @executable_path/Frameworks @loader_path/Frameworks";
				PRODUCT_BUNDLE_IDENTIFIER = com.alopes.QuickAidUITests;
				PRODUCT_NAME = "$(TARGET_NAME)";
				SWIFT_VERSION = 4.0;
				TARGETED_DEVICE_FAMILY = "1,2";
				TEST_TARGET_NAME = QuickAid;
			};
			name = Debug;
		};
		38C2612F1FCB988A00F113C6 /* Release */ = {
			isa = XCBuildConfiguration;
			baseConfigurationReference = 34A6EA2AC972C3CCA95F8865 /* Pods-QuickAidUITests.release.xcconfig */;
			buildSettings = {
				ALWAYS_EMBED_SWIFT_STANDARD_LIBRARIES = YES;
				CODE_SIGN_STYLE = Automatic;
				DEVELOPMENT_TEAM = F65494T3TB;
				INFOPLIST_FILE = QuickAidUITests/Info.plist;
				LD_RUNPATH_SEARCH_PATHS = "$(inherited) @executable_path/Frameworks @loader_path/Frameworks";
				PRODUCT_BUNDLE_IDENTIFIER = com.alopes.QuickAidUITests;
				PRODUCT_NAME = "$(TARGET_NAME)";
				SWIFT_VERSION = 4.0;
				TARGETED_DEVICE_FAMILY = "1,2";
				TEST_TARGET_NAME = QuickAid;
			};
			name = Release;
		};
/* End XCBuildConfiguration section */

/* Begin XCConfigurationList section */
		38C260FA1FCB988900F113C6 /* Build configuration list for PBXProject "QuickAid" */ = {
			isa = XCConfigurationList;
			buildConfigurations = (
				38C261251FCB988A00F113C6 /* Debug */,
				38C261261FCB988A00F113C6 /* Release */,
			);
			defaultConfigurationIsVisible = 0;
			defaultConfigurationName = Release;
		};
		38C261271FCB988A00F113C6 /* Build configuration list for PBXNativeTarget "QuickAid" */ = {
			isa = XCConfigurationList;
			buildConfigurations = (
				38C261281FCB988A00F113C6 /* Debug */,
				38C261291FCB988A00F113C6 /* Release */,
			);
			defaultConfigurationIsVisible = 0;
			defaultConfigurationName = Release;
		};
		38C2612A1FCB988A00F113C6 /* Build configuration list for PBXNativeTarget "QuickAidTests" */ = {
			isa = XCConfigurationList;
			buildConfigurations = (
				38C2612B1FCB988A00F113C6 /* Debug */,
				38C2612C1FCB988A00F113C6 /* Release */,
			);
			defaultConfigurationIsVisible = 0;
			defaultConfigurationName = Release;
		};
		38C2612D1FCB988A00F113C6 /* Build configuration list for PBXNativeTarget "QuickAidUITests" */ = {
			isa = XCConfigurationList;
			buildConfigurations = (
				38C2612E1FCB988A00F113C6 /* Debug */,
				38C2612F1FCB988A00F113C6 /* Release */,
			);
			defaultConfigurationIsVisible = 0;
			defaultConfigurationName = Release;
		};
/* End XCConfigurationList section */
	};
	rootObject = 38C260F71FCB988900F113C6 /* Project object */;
}
